
Microsoft Visual Studio Solution File, Format Version 12.00
# Visual Studio Version 17
VisualStudioVersion = 17.7.34202.233
MinimumVisualStudioVersion = 10.0.40219.1
Project("{8BC9CEB8-8B4A-11D0-8D11-00A0C91BC942}") = "algorism", "algorism\algorism.vcxproj", "{AFE9122A-1D0E-436F-8A9B-EA409DA6FF7C}"
EndProject
Global
	GlobalSection(SolutionConfigurationPlatforms) = preSolution
		Debug|x64 = Debug|x64
		Debug|x86 = Debug|x86
		Release|x64 = Release|x64
		Release|x86 = Release|x86
	EndGlobalSection
	GlobalSection(ProjectConfigurationPlatforms) = postSolution
		{AFE9122A-1D0E-436F-8A9B-EA409DA6FF7C}.Debug|x64.ActiveCfg = Debug|x64
		{AFE9122A-1D0E-436F-8A9B-EA409DA6FF7C}.Debug|x64.Build.0 = Debug|x64
		{AFE9122A-1D0E-436F-8A9B-EA409DA6FF7C}.Debug|x86.ActiveCfg = Debug|Win32
		{AFE9122A-1D0E-436F-8A9B-EA409DA6FF7C}.Debug|x86.Build.0 = Debug|Win32
		{AFE9122A-1D0E-436F-8A9B-EA409DA6FF7C}.Release|x64.ActiveCfg = Release|x64
		{AFE9122A-1D0E-436F-8A9B-EA409DA6FF7C}.Release|x64.Build.0 = Release|x64
		{AFE9122A-1D0E-436F-8A9B-EA409DA6FF7C}.Release|x86.ActiveCfg = Release|Win32
		{AFE9122A-1D0E-436F-8A9B-EA409DA6FF7C}.Release|x86.Build.0 = Release|Win32
	EndGlobalSection
	GlobalSection(SolutionProperties) = preSolution
		HideSolutionNode = FALSE
	EndGlobalSection
	GlobalSection(ExtensibilityGlobals) = postSolution
		SolutionGuid = {B4890AAE-5B06-45DD-A2C1-54BA96562265}
	EndGlobalSection
EndGlobal
